
Microsoft Visual Studio Solution File, Format Version 12.00
# Visual Studio Version 17
VisualStudioVersion = 17.3.32929.385
MinimumVisualStudioVersion = 10.0.40219.1
Project("{FAE04EC0-301F-11D3-BF4B-00C04F79EFBC}") = "EditorHTML", "EditorHTML\EditorHTML.csproj", "{3F183DD8-F421-4327-BAE2-E88B4CCEFAA1}"
EndProject
Global
	GlobalSection(SolutionConfigurationPlatforms) = preSolution
		Debug|Any CPU = Debug|Any CPU
		Release|Any CPU = Release|Any CPU
	EndGlobalSection
	GlobalSection(ProjectConfigurationPlatforms) = postSolution
		{3F183DD8-F421-4327-BAE2-E88B4CCEFAA1}.Debug|Any CPU.ActiveCfg = Debug|Any CPU
		{3F183DD8-F421-4327-BAE2-E88B4CCEFAA1}.Debug|Any CPU.Build.0 = Debug|Any CPU
		{3F183DD8-F421-4327-BAE2-E88B4CCEFAA1}.Release|Any CPU.ActiveCfg = Release|Any CPU
		{3F183DD8-F421-4327-BAE2-E88B4CCEFAA1}.Release|Any CPU.Build.0 = Release|Any CPU
	EndGlobalSection
	GlobalSection(SolutionProperties) = preSolution
		HideSolutionNode = FALSE
	EndGlobalSection
	GlobalSection(ExtensibilityGlobals) = postSolution
		SolutionGuid = {97205569-E610-45CE-B035-8C944F67E580}
	EndGlobalSection
EndGlobal
